// !$*UTF8*$!
{
	archiveVersion = 1;
	classes = {
	};
	objectVersion = 50;
	objects = {

/* Begin PBXBuildFile section */
		7196DA0425DAE45800325705 /* AppDelegate.swift in Sources */ = {isa = PBXBuildFile; fileRef = 7196DA0325DAE45800325705 /* AppDelegate.swift */; };
		7196DA0625DAE45800325705 /* SceneDelegate.swift in Sources */ = {isa = PBXBuildFile; fileRef = 7196DA0525DAE45800325705 /* SceneDelegate.swift */; };
		7196DA0825DAE45800325705 /* ViewController.swift in Sources */ = {isa = PBXBuildFile; fileRef = 7196DA0725DAE45800325705 /* ViewController.swift */; };
		7196DA0B25DAE45800325705 /* Main.storyboard in Resources */ = {isa = PBXBuildFile; fileRef = 7196DA0925DAE45800325705 /* Main.storyboard */; };
		7196DA0D25DAE45D00325705 /* Assets.xcassets in Resources */ = {isa = PBXBuildFile; fileRef = 7196DA0C25DAE45D00325705 /* Assets.xcassets */; };
		7196DA1025DAE45D00325705 /* LaunchScreen.storyboard in Resources */ = {isa = PBXBuildFile; fileRef = 7196DA0E25DAE45D00325705 /* LaunchScreen.storyboard */; };
		7196DA1B25DAE45E00325705 /* Word_GardenTests.swift in Sources */ = {isa = PBXBuildFile; fileRef = 7196DA1A25DAE45E00325705 /* Word_GardenTests.swift */; };
		7196DA2625DAE45E00325705 /* Word_GardenUITests.swift in Sources */ = {isa = PBXBuildFile; fileRef = 7196DA2525DAE45E00325705 /* Word_GardenUITests.swift */; };
/* End PBXBuildFile section */

/* Begin PBXContainerItemProxy section */
		7196DA1725DAE45E00325705 /* PBXContainerItemProxy */ = {
			isa = PBXContainerItemProxy;
			containerPortal = 7196D9F825DAE45800325705 /* Project object */;
			proxyType = 1;
			remoteGlobalIDString = 7196D9FF25DAE45800325705;
			remoteInfo = "Word Garden";
		};
		7196DA2225DAE45E00325705 /* PBXContainerItemProxy */ = {
			isa = PBXContainerItemProxy;
			containerPortal = 7196D9F825DAE45800325705 /* Project object */;
			proxyType = 1;
			remoteGlobalIDString = 7196D9FF25DAE45800325705;
			remoteInfo = "Word Garden";
		};
/* End PBXContainerItemProxy section */

/* Begin PBXFileReference section */
		7196DA0025DAE45800325705 /* Word Garden.app */ = {isa = PBXFileReference; explicitFileType = wrapper.application; includeInIndex = 0; path = "Word Garden.app"; sourceTree = BUILT_PRODUCTS_DIR; };
		7196DA0325DAE45800325705 /* AppDelegate.swift */ = {isa = PBXFileReference; lastKnownFileType = sourcecode.swift; path = AppDelegate.swift; sourceTree = "<group>"; };
		7196DA0525DAE45800325705 /* SceneDelegate.swift */ = {isa = PBXFileReference; lastKnownFileType = sourcecode.swift; path = SceneDelegate.swift; sourceTree = "<group>"; };
		7196DA0725DAE45800325705 /* ViewController.swift */ = {isa = PBXFileReference; lastKnownFileType = sourcecode.swift; path = ViewController.swift; sourceTree = "<group>"; };
		7196DA0A25DAE45800325705 /* Base */ = {isa = PBXFileReference; lastKnownFileType = file.storyboard; name = Base; path = Base.lproj/Main.storyboard; sourceTree = "<group>"; };
		7196DA0C25DAE45D00325705 /* Assets.xcassets */ = {isa = PBXFileReference; lastKnownFileType = folder.assetcatalog; path = Assets.xcassets; sourceTree = "<group>"; };
		7196DA0F25DAE45D00325705 /* Base */ = {isa = PBXFileReference; lastKnownFileType = file.storyboard; name = Base; path = Base.lproj/LaunchScreen.storyboard; sourceTree = "<group>"; };
		7196DA1125DAE45D00325705 /* Info.plist */ = {isa = PBXFileReference; lastKnownFileType = text.plist.xml; path = Info.plist; sourceTree = "<group>"; };
		7196DA1625DAE45E00325705 /* Word GardenTests.xctest */ = {isa = PBXFileReference; explicitFileType = wrapper.cfbundle; includeInIndex = 0; path = "Word GardenTests.xctest"; sourceTree = BUILT_PRODUCTS_DIR; };
		7196DA1A25DAE45E00325705 /* Word_GardenTests.swift */ = {isa = PBXFileReference; lastKnownFileType = sourcecode.swift; path = Word_GardenTests.swift; sourceTree = "<group>"; };
		7196DA1C25DAE45E00325705 /* Info.plist */ = {isa = PBXFileReference; lastKnownFileType = text.plist.xml; path = Info.plist; sourceTree = "<group>"; };
		7196DA2125DAE45E00325705 /* Word GardenUITests.xctest */ = {isa = PBXFileReference; explicitFileType = wrapper.cfbundle; includeInIndex = 0; path = "Word GardenUITests.xctest"; sourceTree = BUILT_PRODUCTS_DIR; };
		7196DA2525DAE45E00325705 /* Word_GardenUITests.swift */ = {isa = PBXFileReference; lastKnownFileType = sourcecode.swift; path = Word_GardenUITests.swift; sourceTree = "<group>"; };
		7196DA2725DAE45E00325705 /* Info.plist */ = {isa = PBXFileReference; lastKnownFileType = text.plist.xml; path = Info.plist; sourceTree = "<group>"; };
/* End PBXFileReference section */

/* Begin PBXFrameworksBuildPhase section */
		7196D9FD25DAE45800325705 /* Frameworks */ = {
			isa = PBXFrameworksBuildPhase;
			buildActionMask = 2147483647;
			files = (
			);
			runOnlyForDeploymentPostprocessing = 0;
		};
		7196DA1325DAE45E00325705 /* Frameworks */ = {
			isa = PBXFrameworksBuildPhase;
			buildActionMask = 2147483647;
			files = (
			);
			runOnlyForDeploymentPostprocessing = 0;
		};
		7196DA1E25DAE45E00325705 /* Frameworks */ = {
			isa = PBXFrameworksBuildPhase;
			buildActionMask = 2147483647;
			files = (
			);
			runOnlyForDeploymentPostprocessing = 0;
		};
/* End PBXFrameworksBuildPhase section */

/* Begin PBXGroup section */
		7196D9F725DAE45800325705 = {
			isa = PBXGroup;
			children = (
				7196DA0225DAE45800325705 /* Word Garden */,
				7196DA1925DAE45E00325705 /* Word GardenTests */,
				7196DA2425DAE45E00325705 /* Word GardenUITests */,
				7196DA0125DAE45800325705 /* Products */,
			);
			sourceTree = "<group>";
		};
		7196DA0125DAE45800325705 /* Products */ = {
			isa = PBXGroup;
			children = (
				7196DA0025DAE45800325705 /* Word Garden.app */,
				7196DA1625DAE45E00325705 /* Word GardenTests.xctest */,
				7196DA2125DAE45E00325705 /* Word GardenUITests.xctest */,
			);
			name = Products;
			sourceTree = "<group>";
		};
		7196DA0225DAE45800325705 /* Word Garden */ = {
			isa = PBXGroup;
			children = (
				7196DA0325DAE45800325705 /* AppDelegate.swift */,
				7196DA0525DAE45800325705 /* SceneDelegate.swift */,
				7196DA0725DAE45800325705 /* ViewController.swift */,
				7196DA0925DAE45800325705 /* Main.storyboard */,
				7196DA0C25DAE45D00325705 /* Assets.xcassets */,
				7196DA0E25DAE45D00325705 /* LaunchScreen.storyboard */,
				7196DA1125DAE45D00325705 /* Info.plist */,
			);
			path = "Word Garden";
			sourceTree = "<group>";
		};
		7196DA1925DAE45E00325705 /* Word GardenTests */ = {
			isa = PBXGroup;
			children = (
				7196DA1A25DAE45E00325705 /* Word_GardenTests.swift */,
				7196DA1C25DAE45E00325705 /* Info.plist */,
			);
			path = "Word GardenTests";
			sourceTree = "<group>";
		};
		7196DA2425DAE45E00325705 /* Word GardenUITests */ = {
			isa = PBXGroup;
			children = (
				7196DA2525DAE45E00325705 /* Word_GardenUITests.swift */,
				7196DA2725DAE45E00325705 /* Info.plist */,
			);
			path = "Word GardenUITests";
			sourceTree = "<group>";
		};
/* End PBXGroup section */

/* Begin PBXNativeTarget section */
		7196D9FF25DAE45800325705 /* Word Garden */ = {
			isa = PBXNativeTarget;
			buildConfigurationList = 7196DA2A25DAE45E00325705 /* Build configuration list for PBXNativeTarget "Word Garden" */;
			buildPhases = (
				7196D9FC25DAE45800325705 /* Sources */,
				7196D9FD25DAE45800325705 /* Frameworks */,
				7196D9FE25DAE45800325705 /* Resources */,
			);
			buildRules = (
			);
			dependencies = (
			);
			name = "Word Garden";
			productName = "Word Garden";
			productReference = 7196DA0025DAE45800325705 /* Word Garden.app */;
			productType = "com.apple.product-type.application";
		};
		7196DA1525DAE45E00325705 /* Word GardenTests */ = {
			isa = PBXNativeTarget;
			buildConfigurationList = 7196DA2D25DAE45E00325705 /* Build configuration list for PBXNativeTarget "Word GardenTests" */;
			buildPhases = (
				7196DA1225DAE45E00325705 /* Sources */,
				7196DA1325DAE45E00325705 /* Frameworks */,
				7196DA1425DAE45E00325705 /* Resources */,
			);
			buildRules = (
			);
			dependencies = (
				7196DA1825DAE45E00325705 /* PBXTargetDependency */,
			);
			name = "Word GardenTests";
			productName = "Word GardenTests";
			productReference = 7196DA1625DAE45E00325705 /* Word GardenTests.xctest */;
			productType = "com.apple.product-type.bundle.unit-test";
		};
		7196DA2025DAE45E00325705 /* Word GardenUITests */ = {
			isa = PBXNativeTarget;
			buildConfigurationList = 7196DA3025DAE45E00325705 /* Build configuration list for PBXNativeTarget "Word GardenUITests" */;
			buildPhases = (
				7196DA1D25DAE45E00325705 /* Sources */,
				7196DA1E25DAE45E00325705 /* Frameworks */,
				7196DA1F25DAE45E00325705 /* Resources */,
			);
			buildRules = (
			);
			dependencies = (
				7196DA2325DAE45E00325705 /* PBXTargetDependency */,
			);
			name = "Word GardenUITests";
			productName = "Word GardenUITests";
			productReference = 7196DA2125DAE45E00325705 /* Word GardenUITests.xctest */;
			productType = "com.apple.product-type.bundle.ui-testing";
		};
/* End PBXNativeTarget section */

/* Begin PBXProject section */
		7196D9F825DAE45800325705 /* Project object */ = {
			isa = PBXProject;
			attributes = {
				LastSwiftUpdateCheck = 1240;
				LastUpgradeCheck = 1240;
				TargetAttributes = {
					7196D9FF25DAE45800325705 = {
						CreatedOnToolsVersion = 12.4;
					};
					7196DA1525DAE45E00325705 = {
						CreatedOnToolsVersion = 12.4;
						TestTargetID = 7196D9FF25DAE45800325705;
					};
					7196DA2025DAE45E00325705 = {
						CreatedOnToolsVersion = 12.4;
						TestTargetID = 7196D9FF25DAE45800325705;
					};
				};
			};
			buildConfigurationList = 7196D9FB25DAE45800325705 /* Build configuration list for PBXProject "Word Garden" */;
			compatibilityVersion = "Xcode 9.3";
			developmentRegion = en;
			hasScannedForEncodings = 0;
			knownRegions = (
				en,
				Base,
			);
			mainGroup = 7196D9F725DAE45800325705;
			productRefGroup = 7196DA0125DAE45800325705 /* Products */;
			projectDirPath = "";
			projectRoot = "";
			targets = (
				7196D9FF25DAE45800325705 /* Word Garden */,
				7196DA1525DAE45E00325705 /* Word GardenTests */,
				7196DA2025DAE45E00325705 /* Word GardenUITests */,
			);
		};
/* End PBXProject section */

/* Begin PBXResourcesBuildPhase section */
		7196D9FE25DAE45800325705 /* Resources */ = {
			isa = PBXResourcesBuildPhase;
			buildActionMask = 2147483647;
			files = (
				7196DA1025DAE45D00325705 /* LaunchScreen.storyboard in Resources */,
				7196DA0D25DAE45D00325705 /* Assets.xcassets in Resources */,
				7196DA0B25DAE45800325705 /* Main.storyboard in Resources */,
			);
			runOnlyForDeploymentPostprocessing = 0;
		};
		7196DA1425DAE45E00325705 /* Resources */ = {
			isa = PBXResourcesBuildPhase;
			buildActionMask = 2147483647;
			files = (
			);
			runOnlyForDeploymentPostprocessing = 0;
		};
		7196DA1F25DAE45E00325705 /* Resources */ = {
			isa = PBXResourcesBuildPhase;
			buildActionMask = 2147483647;
			files = (
			);
			runOnlyForDeploymentPostprocessing = 0;
		};
/* End PBXResourcesBuildPhase section */

/* Begin PBXSourcesBuildPhase section */
		7196D9FC25DAE45800325705 /* Sources */ = {
			isa = PBXSourcesBuildPhase;
			buildActionMask = 2147483647;
			files = (
				7196DA0825DAE45800325705 /* ViewController.swift in Sources */,
				7196DA0425DAE45800325705 /* AppDelegate.swift in Sources */,
				7196DA0625DAE45800325705 /* SceneDelegate.swift in Sources */,
			);
			runOnlyForDeploymentPostprocessing = 0;
		};
		7196DA1225DAE45E00325705 /* Sources */ = {
			isa = PBXSourcesBuildPhase;
			buildActionMask = 2147483647;
			files = (
				7196DA1B25DAE45E00325705 /* Word_GardenTests.swift in Sources */,
			);
			runOnlyForDeploymentPostprocessing = 0;
		};
		7196DA1D25DAE45E00325705 /* Sources */ = {
			isa = PBXSourcesBuildPhase;
			buildActionMask = 2147483647;
			files = (
				7196DA2625DAE45E00325705 /* Word_GardenUITests.swift in Sources */,
			);
			runOnlyForDeploymentPostprocessing = 0;
		};
/* End PBXSourcesBuildPhase section */

/* Begin PBXTargetDependency section */
		7196DA1825DAE45E00325705 /* PBXTargetDependency */ = {
			isa = PBXTargetDependency;
			target = 7196D9FF25DAE45800325705 /* Word Garden */;
			targetProxy = 7196DA1725DAE45E00325705 /* PBXContainerItemProxy */;
		};
		7196DA2325DAE45E00325705 /* PBXTargetDependency */ = {
			isa = PBXTargetDependency;
			target = 7196D9FF25DAE45800325705 /* Word Garden */;
			targetProxy = 7196DA2225DAE45E00325705 /* PBXContainerItemProxy */;
		};
/* End PBXTargetDependency section */

/* Begin PBXVariantGroup section */
		7196DA0925DAE45800325705 /* Main.storyboard */ = {
			isa = PBXVariantGroup;
			children = (
				7196DA0A25DAE45800325705 /* Base */,
			);
			name = Main.storyboard;
			sourceTree = "<group>";
		};
		7196DA0E25DAE45D00325705 /* LaunchScreen.storyboard */ = {
			isa = PBXVariantGroup;
			children = (
				7196DA0F25DAE45D00325705 /* Base */,
			);
			name = LaunchScreen.storyboard;
			sourceTree = "<group>";
		};
/* End PBXVariantGroup section */

/* Begin XCBuildConfiguration section */
		7196DA2825DAE45E00325705 /* Debug */ = {
			isa = XCBuildConfiguration;
			buildSettings = {
				ALWAYS_SEARCH_USER_PATHS = NO;
				CLANG_ANALYZER_NONNULL = YES;
				CLANG_ANALYZER_NUMBER_OBJECT_CONVERSION = YES_AGGRESSIVE;
				CLANG_CXX_LANGUAGE_STANDARD = "gnu++14";
				CLANG_CXX_LIBRARY = "libc++";
				CLANG_ENABLE_MODULES = YES;
				CLANG_ENABLE_OBJC_ARC = YES;
				CLANG_ENABLE_OBJC_WEAK = YES;
				CLANG_WARN_BLOCK_CAPTURE_AUTORELEASING = YES;
				CLANG_WARN_BOOL_CONVERSION = YES;
				CLANG_WARN_COMMA = YES;
				CLANG_WARN_CONSTANT_CONVERSION = YES;
				CLANG_WARN_DEPRECATED_OBJC_IMPLEMENTATIONS = YES;
				CLANG_WARN_DIRECT_OBJC_ISA_USAGE = YES_ERROR;
				CLANG_WARN_DOCUMENTATION_COMMENTS = YES;
				CLANG_WARN_EMPTY_BODY = YES;
				CLANG_WARN_ENUM_CONVERSION = YES;
				CLANG_WARN_INFINITE_RECURSION = YES;
				CLANG_WARN_INT_CONVERSION = YES;
				CLANG_WARN_NON_LITERAL_NULL_CONVERSION = YES;
				CLANG_WARN_OBJC_IMPLICIT_RETAIN_SELF = YES;
				CLANG_WARN_OBJC_LITERAL_CONVERSION = YES;
				CLANG_WARN_OBJC_ROOT_CLASS = YES_ERROR;
				CLANG_WARN_QUOTED_INCLUDE_IN_FRAMEWORK_HEADER = YES;
				CLANG_WARN_RANGE_LOOP_ANALYSIS = YES;
				CLANG_WARN_STRICT_PROTOTYPES = YES;
				CLANG_WARN_SUSPICIOUS_MOVE = YES;
				CLANG_WARN_UNGUARDED_AVAILABILITY = YES_AGGRESSIVE;
				CLANG_WARN_UNREACHABLE_CODE = YES;
				CLANG_WARN__DUPLICATE_METHOD_MATCH = YES;
				COPY_PHASE_STRIP = NO;
				DEBUG_INFORMATION_FORMAT = dwarf;
				ENABLE_STRICT_OBJC_MSGSEND = YES;
				ENABLE_TESTABILITY = YES;
				GCC_C_LANGUAGE_STANDARD = gnu11;
				GCC_DYNAMIC_NO_PIC = NO;
				GCC_NO_COMMON_BLOCKS = YES;
				GCC_OPTIMIZATION_LEVEL = 0;
				GCC_PREPROCESSOR_DEFINITIONS = (
					"DEBUG=1",
					"$(inherited)",
				);
				GCC_WARN_64_TO_32_BIT_CONVERSION = YES;
				GCC_WARN_ABOUT_RETURN_TYPE = YES_ERROR;
				GCC_WARN_UNDECLARED_SELECTOR = YES;
				GCC_WARN_UNINITIALIZED_AUTOS = YES_AGGRESSIVE;
				GCC_WARN_UNUSED_FUNCTION = YES;
				GCC_WARN_UNUSED_VARIABLE = YES;
				IPHONEOS_DEPLOYMENT_TARGET = 14.4;
				MTL_ENABLE_DEBUG_INFO = INCLUDE_SOURCE;
				MTL_FAST_MATH = YES;
				ONLY_ACTIVE_ARCH = YES;
				SDKROOT = iphoneos;
				SWIFT_ACTIVE_COMPILATION_CONDITIONS = DEBUG;
				SWIFT_OPTIMIZATION_LEVEL = "-Onone";
			};
			name = Debug;
		};
		7196DA2925DAE45E00325705 /* Release */ = {
			isa = XCBuildConfiguration;
			buildSettings = {
				ALWAYS_SEARCH_USER_PATHS = NO;
				CLANG_ANALYZER_NONNULL = YES;
				CLANG_ANALYZER_NUMBER_OBJECT_CONVERSION = YES_AGGRESSIVE;
				CLANG_CXX_LANGUAGE_STANDARD = "gnu++14";
				CLANG_CXX_LIBRARY = "libc++";
				CLANG_ENABLE_MODULES = YES;
				CLANG_ENABLE_OBJC_ARC = YES;
				CLANG_ENABLE_OBJC_WEAK = YES;
				CLANG_WARN_BLOCK_CAPTURE_AUTORELEASING = YES;
				CLANG_WARN_BOOL_CONVERSION = YES;
				CLANG_WARN_COMMA = YES;
				CLANG_WARN_CONSTANT_CONVERSION = YES;
				CLANG_WARN_DEPRECATED_OBJC_IMPLEMENTATIONS = YES;
				CLANG_WARN_DIRECT_OBJC_ISA_USAGE = YES_ERROR;
				CLANG_WARN_DOCUMENTATION_COMMENTS = YES;
				CLANG_WARN_EMPTY_BODY = YES;
				CLANG_WARN_ENUM_CONVERSION = YES;
				CLANG_WARN_INFINITE_RECURSION = YES;
				CLANG_WARN_INT_CONVERSION = YES;
				CLANG_WARN_NON_LITERAL_NULL_CONVERSION = YES;
				CLANG_WARN_OBJC_IMPLICIT_RETAIN_SELF = YES;
				CLANG_WARN_OBJC_LITERAL_CONVERSION = YES;
				CLANG_WARN_OBJC_ROOT_CLASS = YES_ERROR;
				CLANG_WARN_QUOTED_INCLUDE_IN_FRAMEWORK_HEADER = YES;
				CLANG_WARN_RANGE_LOOP_ANALYSIS = YES;
				CLANG_WARN_STRICT_PROTOTYPES = YES;
				CLANG_WARN_SUSPICIOUS_MOVE = YES;
				CLANG_WARN_UNGUARDED_AVAILABILITY = YES_AGGRESSIVE;
				CLANG_WARN_UNREACHABLE_CODE = YES;
				CLANG_WARN__DUPLICATE_METHOD_MATCH = YES;
				COPY_PHASE_STRIP = NO;
				DEBUG_INFORMATION_FORMAT = "dwarf-with-dsym";
				ENABLE_NS_ASSERTIONS = NO;
				ENABLE_STRICT_OBJC_MSGSEND = YES;
				GCC_C_LANGUAGE_STANDARD = gnu11;
				GCC_NO_COMMON_BLOCKS = YES;
				GCC_WARN_64_TO_32_BIT_CONVERSION = YES;
				GCC_WARN_ABOUT_RETURN_TYPE = YES_ERROR;
				GCC_WARN_UNDECLARED_SELECTOR = YES;
				GCC_WARN_UNINITIALIZED_AUTOS = YES_AGGRESSIVE;
				GCC_WARN_UNUSED_FUNCTION = YES;
				GCC_WARN_UNUSED_VARIABLE = YES;
				IPHONEOS_DEPLOYMENT_TARGET = 14.4;
				MTL_ENABLE_DEBUG_INFO = NO;
				MTL_FAST_MATH = YES;
				SDKROOT = iphoneos;
				SWIFT_COMPILATION_MODE = wholemodule;
				SWIFT_OPTIMIZATION_LEVEL = "-O";
				VALIDATE_PRODUCT = YES;
			};
			name = Release;
		};
		7196DA2B25DAE45E00325705 /* Debug */ = {
			isa = XCBuildConfiguration;
			buildSettings = {
				ASSETCATALOG_COMPILER_APPICON_NAME = AppIcon;
				ASSETCATALOG_COMPILER_GLOBAL_ACCENT_COLOR_NAME = AccentColor;
				CODE_SIGN_STYLE = Automatic;
				DEVELOPMENT_TEAM = B4T28G9KLC;
				INFOPLIST_FILE = "Word Garden/Info.plist";
				LD_RUNPATH_SEARCH_PATHS = (
					"$(inherited)",
					"@executable_path/Frameworks",
				);
				PRODUCT_BUNDLE_IDENTIFIER = "bc.edu.45871323.Word-Garden";
				PRODUCT_NAME = "$(TARGET_NAME)";
				SWIFT_VERSION = 5.0;
				TARGETED_DEVICE_FAMILY = "1,2";
			};
			name = Debug;
		};
		7196DA2C25DAE45E00325705 /* Release */ = {
			isa = XCBuildConfiguration;
			buildSettings = {
				ASSETCATALOG_COMPILER_APPICON_NAME = AppIcon;
				ASSETCATALOG_COMPILER_GLOBAL_ACCENT_COLOR_NAME = AccentColor;
				CODE_SIGN_STYLE = Automatic;
				DEVELOPMENT_TEAM = B4T28G9KLC;
				INFOPLIST_FILE = "Word Garden/Info.plist";
				LD_RUNPATH_SEARCH_PATHS = (
					"$(inherited)",
					"@executable_path/Frameworks",
				);
				PRODUCT_BUNDLE_IDENTIFIER = "bc.edu.45871323.Word-Garden";
				PRODUCT_NAME = "$(TARGET_NAME)";
				SWIFT_VERSION = 5.0;
				TARGETED_DEVICE_FAMILY = "1,2";
			};
			name = Release;
		};
		7196DA2E25DAE45E00325705 /* Debug */ = {
			isa = XCBuildConfiguration;
			buildSettings = {
				ALWAYS_EMBED_SWIFT_STANDARD_LIBRARIES = YES;
				BUNDLE_LOADER = "$(TEST_HOST)";
				CODE_SIGN_STYLE = Automatic;
				DEVELOPMENT_TEAM = B4T28G9KLC;
				INFOPLIST_FILE = "Word GardenTests/Info.plist";
				IPHONEOS_DEPLOYMENT_TARGET = 14.4;
				LD_RUNPATH_SEARCH_PATHS = (
					"$(inherited)",
					"@executable_path/Frameworks",
					"@loader_path/Frameworks",
				);
				PRODUCT_BUNDLE_IDENTIFIER = "bc.edu.45871323.Word-GardenTests";
				PRODUCT_NAME = "$(TARGET_NAME)";
				SWIFT_VERSION = 5.0;
				TARGETED_DEVICE_FAMILY = "1,2";
				TEST_HOST = "$(BUILT_PRODUCTS_DIR)/Word Garden.app/Word Garden";
			};
			name = Debug;
		};
		7196DA2F25DAE45E00325705 /* Release */ = {
			isa = XCBuildConfiguration;
			buildSettings = {
				ALWAYS_EMBED_SWIFT_STANDARD_LIBRARIES = YES;
				BUNDLE_LOADER = "$(TEST_HOST)";
				CODE_SIGN_STYLE = Automatic;
				DEVELOPMENT_TEAM = B4T28G9KLC;
				INFOPLIST_FILE = "Word GardenTests/Info.plist";
				IPHONEOS_DEPLOYMENT_TARGET = 14.4;
				LD_RUNPATH_SEARCH_PATHS = (
					"$(inherited)",
					"@executable_path/Frameworks",
					"@loader_path/Frameworks",
				);
				PRODUCT_BUNDLE_IDENTIFIER = "bc.edu.45871323.Word-GardenTests";
				PRODUCT_NAME = "$(TARGET_NAME)";
				SWIFT_VERSION = 5.0;
				TARGETED_DEVICE_FAMILY = "1,2";
				TEST_HOST = "$(BUILT_PRODUCTS_DIR)/Word Garden.app/Word Garden";
			};
			name = Release;
		};
		7196DA3125DAE45E00325705 /* Debug */ = {
			isa = XCBuildConfiguration;
			buildSettings = {
				ALWAYS_EMBED_SWIFT_STANDARD_LIBRARIES = YES;
				CODE_SIGN_STYLE = Automatic;
				DEVELOPMENT_TEAM = B4T28G9KLC;
				INFOPLIST_FILE = "Word GardenUITests/Info.plist";
				LD_RUNPATH_SEARCH_PATHS = (
					"$(inherited)",
					"@executable_path/Frameworks",
					"@loader_path/Frameworks",
				);
				PRODUCT_BUNDLE_IDENTIFIER = "bc.edu.45871323.Word-GardenUITests";
				PRODUCT_NAME = "$(TARGET_NAME)";
				SWIFT_VERSION = 5.0;
				TARGETED_DEVICE_FAMILY = "1,2";
				TEST_TARGET_NAME = "Word Garden";
			};
			name = Debug;
		};
		7196DA3225DAE45E00325705 /* Release */ = {
			isa = XCBuildConfiguration;
			buildSettings = {
				ALWAYS_EMBED_SWIFT_STANDARD_LIBRARIES = YES;
				CODE_SIGN_STYLE = Automatic;
				DEVELOPMENT_TEAM = B4T28G9KLC;
				INFOPLIST_FILE = "Word GardenUITests/Info.plist";
				LD_RUNPATH_SEARCH_PATHS = (
					"$(inherited)",
					"@executable_path/Frameworks",
					"@loader_path/Frameworks",
				);
				PRODUCT_BUNDLE_IDENTIFIER = "bc.edu.45871323.Word-GardenUITests";
				PRODUCT_NAME = "$(TARGET_NAME)";
				SWIFT_VERSION = 5.0;
				TARGETED_DEVICE_FAMILY = "1,2";
				TEST_TARGET_NAME = "Word Garden";
			};
			name = Release;
		};
/* End XCBuildConfiguration section */

/* Begin XCConfigurationList section */
		7196D9FB25DAE45800325705 /* Build configuration list for PBXProject "Word Garden" */ = {
			isa = XCConfigurationList;
			buildConfigurations = (
				7196DA2825DAE45E00325705 /* Debug */,
				7196DA2925DAE45E00325705 /* Release */,
			);
			defaultConfigurationIsVisible = 0;
			defaultConfigurationName = Release;
		};
		7196DA2A25DAE45E00325705 /* Build configuration list for PBXNativeTarget "Word Garden" */ = {
			isa = XCConfigurationList;
			buildConfigurations = (
				7196DA2B25DAE45E00325705 /* Debug */,
				7196DA2C25DAE45E00325705 /* Release */,
			);
			defaultConfigurationIsVisible = 0;
			defaultConfigurationName = Release;
		};
		7196DA2D25DAE45E00325705 /* Build configuration list for PBXNativeTarget "Word GardenTests" */ = {
			isa = XCConfigurationList;
			buildConfigurations = (
				7196DA2E25DAE45E00325705 /* Debug */,
				7196DA2F25DAE45E00325705 /* Release */,
			);
			defaultConfigurationIsVisible = 0;
			defaultConfigurationName = Release;
		};
		7196DA3025DAE45E00325705 /* Build configuration list for PBXNativeTarget "Word GardenUITests" */ = {
			isa = XCConfigurationList;
			buildConfigurations = (
				7196DA3125DAE45E00325705 /* Debug */,
				7196DA3225DAE45E00325705 /* Release */,
			);
			defaultConfigurationIsVisible = 0;
			defaultConfigurationName = Release;
		};
/* End XCConfigurationList section */
	};
	rootObject = 7196D9F825DAE45800325705 /* Project object */;
}
